
Microsoft Visual Studio Solution File, Format Version 12.00
# Visual Studio Version 17
VisualStudioVersion = 17.9.34310.174
MinimumVisualStudioVersion = 10.0.40219.1
Project("{FAE04EC0-301F-11D3-BF4B-00C04F79EFBC}") = "Ike", "Ike\Ike.csproj", "{4268E660-0C29-4865-844D-376D98AE2EDF}"
EndProject
Global
	GlobalSection(SolutionConfigurationPlatforms) = preSolution
		Debug|Any CPU = Debug|Any CPU
		Release|Any CPU = Release|Any CPU
	EndGlobalSection
	GlobalSection(ProjectConfigurationPlatforms) = postSolution
		{4268E660-0C29-4865-844D-376D98AE2EDF}.Debug|Any CPU.ActiveCfg = Debug|Any CPU
		{4268E660-0C29-4865-844D-376D98AE2EDF}.Debug|Any CPU.Build.0 = Debug|Any CPU
		{4268E660-0C29-4865-844D-376D98AE2EDF}.Release|Any CPU.ActiveCfg = Release|Any CPU
		{4268E660-0C29-4865-844D-376D98AE2EDF}.Release|Any CPU.Build.0 = Release|Any CPU
	EndGlobalSection
	GlobalSection(SolutionProperties) = preSolution
		HideSolutionNode = FALSE
	EndGlobalSection
	GlobalSection(ExtensibilityGlobals) = postSolution
		SolutionGuid = {25903826-7C5F-45D4-A256-A2BEF0471299}
	EndGlobalSection
EndGlobal
